
Microsoft Visual Studio Solution File, Format Version 12.00
# Visual Studio Version 16
VisualStudioVersion = 16.0.32106.194
MinimumVisualStudioVersion = 10.0.40219.1
Project("{FAE04EC0-301F-11D3-BF4B-00C04F79EFBC}") = "EncryptSortAndPrintArray", "EncryptSortAndPrintArray\EncryptSortAndPrintArray.csproj", "{4899DFE5-20C8-498E-8B3B-8D77CFDB498C}"
EndProject
Project("{FAE04EC0-301F-11D3-BF4B-00C04F79EFBC}") = "PascalTriangle", "PascalTriangle\PascalTriangle.csproj", "{7A9ACCB5-E761-4BD5-9C8A-F0EBDA163969}"
EndProject
Project("{FAE04EC0-301F-11D3-BF4B-00C04F79EFBC}") = "RecursiveFibonachi", "RecursiveFibonachi\RecursiveFibonachi.csproj", "{193DA32A-66B6-4478-B7AC-31741E53EE3C}"
EndProject
Project("{FAE04EC0-301F-11D3-BF4B-00C04F79EFBC}") = "FoldAndSum", "FoldAndSum\FoldAndSum.csproj", "{6D85EE50-55E7-4EB3-8503-28946DE89CD8}"
EndProject
Project("{FAE04EC0-301F-11D3-BF4B-00C04F79EFBC}") = "LongetIncreasingSubsequence", "LongetIncreasingSubsequence\LongetIncreasingSubsequence.csproj", "{527357F6-9C95-4EFE-8972-C140D71B261F}"
EndProject
Global
	GlobalSection(SolutionConfigurationPlatforms) = preSolution
		Debug|Any CPU = Debug|Any CPU
		Release|Any CPU = Release|Any CPU
	EndGlobalSection
	GlobalSection(ProjectConfigurationPlatforms) = postSolution
		{4899DFE5-20C8-498E-8B3B-8D77CFDB498C}.Debug|Any CPU.ActiveCfg = Debug|Any CPU
		{4899DFE5-20C8-498E-8B3B-8D77CFDB498C}.Debug|Any CPU.Build.0 = Debug|Any CPU
		{4899DFE5-20C8-498E-8B3B-8D77CFDB498C}.Release|Any CPU.ActiveCfg = Release|Any CPU
		{4899DFE5-20C8-498E-8B3B-8D77CFDB498C}.Release|Any CPU.Build.0 = Release|Any CPU
		{7A9ACCB5-E761-4BD5-9C8A-F0EBDA163969}.Debug|Any CPU.ActiveCfg = Debug|Any CPU
		{7A9ACCB5-E761-4BD5-9C8A-F0EBDA163969}.Debug|Any CPU.Build.0 = Debug|Any CPU
		{7A9ACCB5-E761-4BD5-9C8A-F0EBDA163969}.Release|Any CPU.ActiveCfg = Release|Any CPU
		{7A9ACCB5-E761-4BD5-9C8A-F0EBDA163969}.Release|Any CPU.Build.0 = Release|Any CPU
		{193DA32A-66B6-4478-B7AC-31741E53EE3C}.Debug|Any CPU.ActiveCfg = Debug|Any CPU
		{193DA32A-66B6-4478-B7AC-31741E53EE3C}.Debug|Any CPU.Build.0 = Debug|Any CPU
		{193DA32A-66B6-4478-B7AC-31741E53EE3C}.Release|Any CPU.ActiveCfg = Release|Any CPU
		{193DA32A-66B6-4478-B7AC-31741E53EE3C}.Release|Any CPU.Build.0 = Release|Any CPU
		{6D85EE50-55E7-4EB3-8503-28946DE89CD8}.Debug|Any CPU.ActiveCfg = Debug|Any CPU
		{6D85EE50-55E7-4EB3-8503-28946DE89CD8}.Debug|Any CPU.Build.0 = Debug|Any CPU
		{6D85EE50-55E7-4EB3-8503-28946DE89CD8}.Release|Any CPU.ActiveCfg = Release|Any CPU
		{6D85EE50-55E7-4EB3-8503-28946DE89CD8}.Release|Any CPU.Build.0 = Release|Any CPU
		{527357F6-9C95-4EFE-8972-C140D71B261F}.Debug|Any CPU.ActiveCfg = Debug|Any CPU
		{527357F6-9C95-4EFE-8972-C140D71B261F}.Debug|Any CPU.Build.0 = Debug|Any CPU
		{527357F6-9C95-4EFE-8972-C140D71B261F}.Release|Any CPU.ActiveCfg = Release|Any CPU
		{527357F6-9C95-4EFE-8972-C140D71B261F}.Release|Any CPU.Build.0 = Release|Any CPU
	EndGlobalSection
	GlobalSection(SolutionProperties) = preSolution
		HideSolutionNode = FALSE
	EndGlobalSection
	GlobalSection(ExtensibilityGlobals) = postSolution
		SolutionGuid = {1992823B-DA52-4A80-8380-A6EF43D6ACB0}
	EndGlobalSection
EndGlobal
