
Microsoft Visual Studio Solution File, Format Version 12.00
# Visual Studio Version 16
VisualStudioVersion = 16.0.32106.194
MinimumVisualStudioVersion = 10.0.40219.1
Project("{FAE04EC0-301F-11D3-BF4B-00C04F79EFBC}") = "SortNumbers", "SortNumbers\SortNumbers.csproj", "{9ACA7389-4213-40E4-8C73-0645389B150C}"
EndProject
Project("{FAE04EC0-301F-11D3-BF4B-00C04F79EFBC}") = "EnglishNameOfTheLastDigit", "EnglishNameOfTheLastDigit\EnglishNameOfTheLastDigit.csproj", "{5C6445C8-8423-4E75-8E42-367FBAF2DEB5}"
EndProject
Project("{FAE04EC0-301F-11D3-BF4B-00C04F79EFBC}") = "GamingScore", "GamingScore\GamingScore.csproj", "{B727D991-F766-40E4-AEB1-80B56400237A}"
EndProject
Project("{FAE04EC0-301F-11D3-BF4B-00C04F79EFBC}") = "ReverseString", "ReverseString\ReverseString.csproj", "{EE48485A-08DE-4D25-B7A2-3F103E6E3314}"
EndProject
Project("{FAE04EC0-301F-11D3-BF4B-00C04F79EFBC}") = "Messages", "Messages\Messages.csproj", "{C230D440-3C65-41B9-9BAD-861A7C9202DD}"
EndProject
Global
	GlobalSection(SolutionConfigurationPlatforms) = preSolution
		Debug|Any CPU = Debug|Any CPU
		Release|Any CPU = Release|Any CPU
	EndGlobalSection
	GlobalSection(ProjectConfigurationPlatforms) = postSolution
		{9ACA7389-4213-40E4-8C73-0645389B150C}.Debug|Any CPU.ActiveCfg = Debug|Any CPU
		{9ACA7389-4213-40E4-8C73-0645389B150C}.Debug|Any CPU.Build.0 = Debug|Any CPU
		{9ACA7389-4213-40E4-8C73-0645389B150C}.Release|Any CPU.ActiveCfg = Release|Any CPU
		{9ACA7389-4213-40E4-8C73-0645389B150C}.Release|Any CPU.Build.0 = Release|Any CPU
		{5C6445C8-8423-4E75-8E42-367FBAF2DEB5}.Debug|Any CPU.ActiveCfg = Debug|Any CPU
		{5C6445C8-8423-4E75-8E42-367FBAF2DEB5}.Debug|Any CPU.Build.0 = Debug|Any CPU
		{5C6445C8-8423-4E75-8E42-367FBAF2DEB5}.Release|Any CPU.ActiveCfg = Release|Any CPU
		{5C6445C8-8423-4E75-8E42-367FBAF2DEB5}.Release|Any CPU.Build.0 = Release|Any CPU
		{B727D991-F766-40E4-AEB1-80B56400237A}.Debug|Any CPU.ActiveCfg = Debug|Any CPU
		{B727D991-F766-40E4-AEB1-80B56400237A}.Debug|Any CPU.Build.0 = Debug|Any CPU
		{B727D991-F766-40E4-AEB1-80B56400237A}.Release|Any CPU.ActiveCfg = Release|Any CPU
		{B727D991-F766-40E4-AEB1-80B56400237A}.Release|Any CPU.Build.0 = Release|Any CPU
		{EE48485A-08DE-4D25-B7A2-3F103E6E3314}.Debug|Any CPU.ActiveCfg = Debug|Any CPU
		{EE48485A-08DE-4D25-B7A2-3F103E6E3314}.Debug|Any CPU.Build.0 = Debug|Any CPU
		{EE48485A-08DE-4D25-B7A2-3F103E6E3314}.Release|Any CPU.ActiveCfg = Release|Any CPU
		{EE48485A-08DE-4D25-B7A2-3F103E6E3314}.Release|Any CPU.Build.0 = Release|Any CPU
		{C230D440-3C65-41B9-9BAD-861A7C9202DD}.Debug|Any CPU.ActiveCfg = Debug|Any CPU
		{C230D440-3C65-41B9-9BAD-861A7C9202DD}.Debug|Any CPU.Build.0 = Debug|Any CPU
		{C230D440-3C65-41B9-9BAD-861A7C9202DD}.Release|Any CPU.ActiveCfg = Release|Any CPU
		{C230D440-3C65-41B9-9BAD-861A7C9202DD}.Release|Any CPU.Build.0 = Release|Any CPU
	EndGlobalSection
	GlobalSection(SolutionProperties) = preSolution
		HideSolutionNode = FALSE
	EndGlobalSection
	GlobalSection(ExtensibilityGlobals) = postSolution
		SolutionGuid = {2CD1AC44-6A6F-4126-8B41-43DC230FB46B}
	EndGlobalSection
EndGlobal
